// !$*UTF8*$!
{
	archiveVersion = 1;
	classes = {
	};
	objectVersion = 50;
	objects = {

/* Begin PBXBuildFile section */
		4DC5D91D2092D64600AA367D /* AppDelegate.m in Sources */ = {isa = PBXBuildFile; fileRef = 4DC5D91C2092D64600AA367D /* AppDelegate.m */; };
		4DC5D9202092D64600AA367D /* ViewController.m in Sources */ = {isa = PBXBuildFile; fileRef = 4DC5D91F2092D64600AA367D /* ViewController.m */; };
		4DC5D9232092D64600AA367D /* Main.storyboard in Resources */ = {isa = PBXBuildFile; fileRef = 4DC5D9212092D64600AA367D /* Main.storyboard */; };
		4DC5D9252092D64800AA367D /* Assets.xcassets in Resources */ = {isa = PBXBuildFile; fileRef = 4DC5D9242092D64800AA367D /* Assets.xcassets */; };
		4DC5D9282092D64800AA367D /* LaunchScreen.storyboard in Resources */ = {isa = PBXBuildFile; fileRef = 4DC5D9262092D64800AA367D /* LaunchScreen.storyboard */; };
		4DC5D92B2092D64800AA367D /* main.m in Sources */ = {isa = PBXBuildFile; fileRef = 4DC5D92A2092D64800AA367D /* main.m */; };
		4DC5D9352092D64800AA367D /* NSOperation_NSOperationQueueTests.m in Sources */ = {isa = PBXBuildFile; fileRef = 4DC5D9342092D64800AA367D /* NSOperation_NSOperationQueueTests.m */; };
		4DC5D9402092D64800AA367D /* NSOperation_NSOperationQueueUITests.m in Sources */ = {isa = PBXBuildFile; fileRef = 4DC5D93F2092D64800AA367D /* NSOperation_NSOperationQueueUITests.m */; };
		4DC5D9502092FC6800AA367D /* MKOperation.m in Sources */ = {isa = PBXBuildFile; fileRef = 4DC5D94F2092FC6800AA367D /* MKOperation.m */; };
/* End PBXBuildFile section */

/* Begin PBXContainerItemProxy section */
		4DC5D9312092D64800AA367D /* PBXContainerItemProxy */ = {
			isa = PBXContainerItemProxy;
			containerPortal = 4DC5D9102092D64600AA367D /* Project object */;
			proxyType = 1;
			remoteGlobalIDString = 4DC5D9172092D64600AA367D;
			remoteInfo = "NSOperation-NSOperationQueue";
		};
		4DC5D93C2092D64800AA367D /* PBXContainerItemProxy */ = {
			isa = PBXContainerItemProxy;
			containerPortal = 4DC5D9102092D64600AA367D /* Project object */;
			proxyType = 1;
			remoteGlobalIDString = 4DC5D9172092D64600AA367D;
			remoteInfo = "NSOperation-NSOperationQueue";
		};
/* End PBXContainerItemProxy section */

/* Begin PBXFileReference section */
		4DC5D9182092D64600AA367D /* NSOperation-NSOperationQueue.app */ = {isa = PBXFileReference; explicitFileType = wrapper.application; includeInIndex = 0; path = "NSOperation-NSOperationQueue.app"; sourceTree = BUILT_PRODUCTS_DIR; };
		4DC5D91B2092D64600AA367D /* AppDelegate.h */ = {isa = PBXFileReference; lastKnownFileType = sourcecode.c.h; path = AppDelegate.h; sourceTree = "<group>"; };
		4DC5D91C2092D64600AA367D /* AppDelegate.m */ = {isa = PBXFileReference; lastKnownFileType = sourcecode.c.objc; path = AppDelegate.m; sourceTree = "<group>"; };
		4DC5D91E2092D64600AA367D /* ViewController.h */ = {isa = PBXFileReference; lastKnownFileType = sourcecode.c.h; path = ViewController.h; sourceTree = "<group>"; };
		4DC5D91F2092D64600AA367D /* ViewController.m */ = {isa = PBXFileReference; lastKnownFileType = sourcecode.c.objc; path = ViewController.m; sourceTree = "<group>"; };
		4DC5D9222092D64600AA367D /* Base */ = {isa = PBXFileReference; lastKnownFileType = file.storyboard; name = Base; path = Base.lproj/Main.storyboard; sourceTree = "<group>"; };
		4DC5D9242092D64800AA367D /* Assets.xcassets */ = {isa = PBXFileReference; lastKnownFileType = folder.assetcatalog; path = Assets.xcassets; sourceTree = "<group>"; };
		4DC5D9272092D64800AA367D /* Base */ = {isa = PBXFileReference; lastKnownFileType = file.storyboard; name = Base; path = Base.lproj/LaunchScreen.storyboard; sourceTree = "<group>"; };
		4DC5D9292092D64800AA367D /* Info.plist */ = {isa = PBXFileReference; lastKnownFileType = text.plist.xml; path = Info.plist; sourceTree = "<group>"; };
		4DC5D92A2092D64800AA367D /* main.m */ = {isa = PBXFileReference; lastKnownFileType = sourcecode.c.objc; path = main.m; sourceTree = "<group>"; };
		4DC5D9302092D64800AA367D /* NSOperation-NSOperationQueueTests.xctest */ = {isa = PBXFileReference; explicitFileType = wrapper.cfbundle; includeInIndex = 0; path = "NSOperation-NSOperationQueueTests.xctest"; sourceTree = BUILT_PRODUCTS_DIR; };
		4DC5D9342092D64800AA367D /* NSOperation_NSOperationQueueTests.m */ = {isa = PBXFileReference; lastKnownFileType = sourcecode.c.objc; path = NSOperation_NSOperationQueueTests.m; sourceTree = "<group>"; };
		4DC5D9362092D64800AA367D /* Info.plist */ = {isa = PBXFileReference; lastKnownFileType = text.plist.xml; path = Info.plist; sourceTree = "<group>"; };
		4DC5D93B2092D64800AA367D /* NSOperation-NSOperationQueueUITests.xctest */ = {isa = PBXFileReference; explicitFileType = wrapper.cfbundle; includeInIndex = 0; path = "NSOperation-NSOperationQueueUITests.xctest"; sourceTree = BUILT_PRODUCTS_DIR; };
		4DC5D93F2092D64800AA367D /* NSOperation_NSOperationQueueUITests.m */ = {isa = PBXFileReference; lastKnownFileType = sourcecode.c.objc; path = NSOperation_NSOperationQueueUITests.m; sourceTree = "<group>"; };
		4DC5D9412092D64800AA367D /* Info.plist */ = {isa = PBXFileReference; lastKnownFileType = text.plist.xml; path = Info.plist; sourceTree = "<group>"; };
		4DC5D94E2092FC6800AA367D /* MKOperation.h */ = {isa = PBXFileReference; lastKnownFileType = sourcecode.c.h; path = MKOperation.h; sourceTree = "<group>"; };
		4DC5D94F2092FC6800AA367D /* MKOperation.m */ = {isa = PBXFileReference; lastKnownFileType = sourcecode.c.objc; path = MKOperation.m; sourceTree = "<group>"; };
/* End PBXFileReference section */

/* Begin PBXFrameworksBuildPhase section */
		4DC5D9152092D64600AA367D /* Frameworks */ = {
			isa = PBXFrameworksBuildPhase;
			buildActionMask = 2147483647;
			files = (
			);
			runOnlyForDeploymentPostprocessing = 0;
		};
		4DC5D92D2092D64800AA367D /* Frameworks */ = {
			isa = PBXFrameworksBuildPhase;
			buildActionMask = 2147483647;
			files = (
			);
			runOnlyForDeploymentPostprocessing = 0;
		};
		4DC5D9382092D64800AA367D /* Frameworks */ = {
			isa = PBXFrameworksBuildPhase;
			buildActionMask = 2147483647;
			files = (
			);
			runOnlyForDeploymentPostprocessing = 0;
		};
/* End PBXFrameworksBuildPhase section */

/* Begin PBXGroup section */
		4DC5D90F2092D64600AA367D = {
			isa = PBXGroup;
			children = (
				4DC5D91A2092D64600AA367D /* NSOperation-NSOperationQueue */,
				4DC5D9332092D64800AA367D /* NSOperation-NSOperationQueueTests */,
				4DC5D93E2092D64800AA367D /* NSOperation-NSOperationQueueUITests */,
				4DC5D9192092D64600AA367D /* Products */,
			);
			sourceTree = "<group>";
		};
		4DC5D9192092D64600AA367D /* Products */ = {
			isa = PBXGroup;
			children = (
				4DC5D9182092D64600AA367D /* NSOperation-NSOperationQueue.app */,
				4DC5D9302092D64800AA367D /* NSOperation-NSOperationQueueTests.xctest */,
				4DC5D93B2092D64800AA367D /* NSOperation-NSOperationQueueUITests.xctest */,
			);
			name = Products;
			sourceTree = "<group>";
		};
		4DC5D91A2092D64600AA367D /* NSOperation-NSOperationQueue */ = {
			isa = PBXGroup;
			children = (
				4DC5D94D2092FC0500AA367D /* CustomOperation */,
				4DC5D91B2092D64600AA367D /* AppDelegate.h */,
				4DC5D91C2092D64600AA367D /* AppDelegate.m */,
				4DC5D91E2092D64600AA367D /* ViewController.h */,
				4DC5D91F2092D64600AA367D /* ViewController.m */,
				4DC5D9212092D64600AA367D /* Main.storyboard */,
				4DC5D9242092D64800AA367D /* Assets.xcassets */,
				4DC5D9262092D64800AA367D /* LaunchScreen.storyboard */,
				4DC5D9292092D64800AA367D /* Info.plist */,
				4DC5D92A2092D64800AA367D /* main.m */,
			);
			path = "NSOperation-NSOperationQueue";
			sourceTree = "<group>";
		};
		4DC5D9332092D64800AA367D /* NSOperation-NSOperationQueueTests */ = {
			isa = PBXGroup;
			children = (
				4DC5D9342092D64800AA367D /* NSOperation_NSOperationQueueTests.m */,
				4DC5D9362092D64800AA367D /* Info.plist */,
			);
			path = "NSOperation-NSOperationQueueTests";
			sourceTree = "<group>";
		};
		4DC5D93E2092D64800AA367D /* NSOperation-NSOperationQueueUITests */ = {
			isa = PBXGroup;
			children = (
				4DC5D93F2092D64800AA367D /* NSOperation_NSOperationQueueUITests.m */,
				4DC5D9412092D64800AA367D /* Info.plist */,
			);
			path = "NSOperation-NSOperationQueueUITests";
			sourceTree = "<group>";
		};
		4DC5D94D2092FC0500AA367D /* CustomOperation */ = {
			isa = PBXGroup;
			children = (
				4DC5D94E2092FC6800AA367D /* MKOperation.h */,
				4DC5D94F2092FC6800AA367D /* MKOperation.m */,
			);
			path = CustomOperation;
			sourceTree = "<group>";
		};
/* End PBXGroup section */

/* Begin PBXNativeTarget section */
		4DC5D9172092D64600AA367D /* NSOperation-NSOperationQueue */ = {
			isa = PBXNativeTarget;
			buildConfigurationList = 4DC5D9442092D64800AA367D /* Build configuration list for PBXNativeTarget "NSOperation-NSOperationQueue" */;
			buildPhases = (
				4DC5D9142092D64600AA367D /* Sources */,
				4DC5D9152092D64600AA367D /* Frameworks */,
				4DC5D9162092D64600AA367D /* Resources */,
			);
			buildRules = (
			);
			dependencies = (
			);
			name = "NSOperation-NSOperationQueue";
			productName = "NSOperation-NSOperationQueue";
			productReference = 4DC5D9182092D64600AA367D /* NSOperation-NSOperationQueue.app */;
			productType = "com.apple.product-type.application";
		};
		4DC5D92F2092D64800AA367D /* NSOperation-NSOperationQueueTests */ = {
			isa = PBXNativeTarget;
			buildConfigurationList = 4DC5D9472092D64800AA367D /* Build configuration list for PBXNativeTarget "NSOperation-NSOperationQueueTests" */;
			buildPhases = (
				4DC5D92C2092D64800AA367D /* Sources */,
				4DC5D92D2092D64800AA367D /* Frameworks */,
				4DC5D92E2092D64800AA367D /* Resources */,
			);
			buildRules = (
			);
			dependencies = (
				4DC5D9322092D64800AA367D /* PBXTargetDependency */,
			);
			name = "NSOperation-NSOperationQueueTests";
			productName = "NSOperation-NSOperationQueueTests";
			productReference = 4DC5D9302092D64800AA367D /* NSOperation-NSOperationQueueTests.xctest */;
			productType = "com.apple.product-type.bundle.unit-test";
		};
		4DC5D93A2092D64800AA367D /* NSOperation-NSOperationQueueUITests */ = {
			isa = PBXNativeTarget;
			buildConfigurationList = 4DC5D94A2092D64800AA367D /* Build configuration list for PBXNativeTarget "NSOperation-NSOperationQueueUITests" */;
			buildPhases = (
				4DC5D9372092D64800AA367D /* Sources */,
				4DC5D9382092D64800AA367D /* Frameworks */,
				4DC5D9392092D64800AA367D /* Resources */,
			);
			buildRules = (
			);
			dependencies = (
				4DC5D93D2092D64800AA367D /* PBXTargetDependency */,
			);
			name = "NSOperation-NSOperationQueueUITests";
			productName = "NSOperation-NSOperationQueueUITests";
			productReference = 4DC5D93B2092D64800AA367D /* NSOperation-NSOperationQueueUITests.xctest */;
			productType = "com.apple.product-type.bundle.ui-testing";
		};
/* End PBXNativeTarget section */

/* Begin PBXProject section */
		4DC5D9102092D64600AA367D /* Project object */ = {
			isa = PBXProject;
			attributes = {
				LastUpgradeCheck = 0930;
				ORGANIZATIONNAME = MK;
				TargetAttributes = {
					4DC5D9172092D64600AA367D = {
						CreatedOnToolsVersion = 9.3;
					};
					4DC5D92F2092D64800AA367D = {
						CreatedOnToolsVersion = 9.3;
						TestTargetID = 4DC5D9172092D64600AA367D;
					};
					4DC5D93A2092D64800AA367D = {
						CreatedOnToolsVersion = 9.3;
						TestTargetID = 4DC5D9172092D64600AA367D;
					};
				};
			};
			buildConfigurationList = 4DC5D9132092D64600AA367D /* Build configuration list for PBXProject "NSOperation-NSOperationQueue" */;
			compatibilityVersion = "Xcode 9.3";
			developmentRegion = en;
			hasScannedForEncodings = 0;
			knownRegions = (
				en,
				Base,
			);
			mainGroup = 4DC5D90F2092D64600AA367D;
			productRefGroup = 4DC5D9192092D64600AA367D /* Products */;
			projectDirPath = "";
			projectRoot = "";
			targets = (
				4DC5D9172092D64600AA367D /* NSOperation-NSOperationQueue */,
				4DC5D92F2092D64800AA367D /* NSOperation-NSOperationQueueTests */,
				4DC5D93A2092D64800AA367D /* NSOperation-NSOperationQueueUITests */,
			);
		};
/* End PBXProject section */

/* Begin PBXResourcesBuildPhase section */
		4DC5D9162092D64600AA367D /* Resources */ = {
			isa = PBXResourcesBuildPhase;
			buildActionMask = 2147483647;
			files = (
				4DC5D9282092D64800AA367D /* LaunchScreen.storyboard in Resources */,
				4DC5D9252092D64800AA367D /* Assets.xcassets in Resources */,
				4DC5D9232092D64600AA367D /* Main.storyboard in Resources */,
			);
			runOnlyForDeploymentPostprocessing = 0;
		};
		4DC5D92E2092D64800AA367D /* Resources */ = {
			isa = PBXResourcesBuildPhase;
			buildActionMask = 2147483647;
			files = (
			);
			runOnlyForDeploymentPostprocessing = 0;
		};
		4DC5D9392092D64800AA367D /* Resources */ = {
			isa = PBXResourcesBuildPhase;
			buildActionMask = 2147483647;
			files = (
			);
			runOnlyForDeploymentPostprocessing = 0;
		};
/* End PBXResourcesBuildPhase section */

/* Begin PBXSourcesBuildPhase section */
		4DC5D9142092D64600AA367D /* Sources */ = {
			isa = PBXSourcesBuildPhase;
			buildActionMask = 2147483647;
			files = (
				4DC5D9202092D64600AA367D /* ViewController.m in Sources */,
				4DC5D9502092FC6800AA367D /* MKOperation.m in Sources */,
				4DC5D92B2092D64800AA367D /* main.m in Sources */,
				4DC5D91D2092D64600AA367D /* AppDelegate.m in Sources */,
			);
			runOnlyForDeploymentPostprocessing = 0;
		};
		4DC5D92C2092D64800AA367D /* Sources */ = {
			isa = PBXSourcesBuildPhase;
			buildActionMask = 2147483647;
			files = (
				4DC5D9352092D64800AA367D /* NSOperation_NSOperationQueueTests.m in Sources */,
			);
			runOnlyForDeploymentPostprocessing = 0;
		};
		4DC5D9372092D64800AA367D /* Sources */ = {
			isa = PBXSourcesBuildPhase;
			buildActionMask = 2147483647;
			files = (
				4DC5D9402092D64800AA367D /* NSOperation_NSOperationQueueUITests.m in Sources */,
			);
			runOnlyForDeploymentPostprocessing = 0;
		};
/* End PBXSourcesBuildPhase section */

/* Begin PBXTargetDependency section */
		4DC5D9322092D64800AA367D /* PBXTargetDependency */ = {
			isa = PBXTargetDependency;
			target = 4DC5D9172092D64600AA367D /* NSOperation-NSOperationQueue */;
			targetProxy = 4DC5D9312092D64800AA367D /* PBXContainerItemProxy */;
		};
		4DC5D93D2092D64800AA367D /* PBXTargetDependency */ = {
			isa = PBXTargetDependency;
			target = 4DC5D9172092D64600AA367D /* NSOperation-NSOperationQueue */;
			targetProxy = 4DC5D93C2092D64800AA367D /* PBXContainerItemProxy */;
		};
/* End PBXTargetDependency section */

/* Begin PBXVariantGroup section */
		4DC5D9212092D64600AA367D /* Main.storyboard */ = {
			isa = PBXVariantGroup;
			children = (
				4DC5D9222092D64600AA367D /* Base */,
			);
			name = Main.storyboard;
			sourceTree = "<group>";
		};
		4DC5D9262092D64800AA367D /* LaunchScreen.storyboard */ = {
			isa = PBXVariantGroup;
			children = (
				4DC5D9272092D64800AA367D /* Base */,
			);
			name = LaunchScreen.storyboard;
			sourceTree = "<group>";
		};
/* End PBXVariantGroup section */

/* Begin XCBuildConfiguration section */
		4DC5D9422092D64800AA367D /* Debug */ = {
			isa = XCBuildConfiguration;
			buildSettings = {
				ALWAYS_SEARCH_USER_PATHS = NO;
				CLANG_ANALYZER_NONNULL = YES;
				CLANG_ANALYZER_NUMBER_OBJECT_CONVERSION = YES_AGGRESSIVE;
				CLANG_CXX_LANGUAGE_STANDARD = "gnu++14";
				CLANG_CXX_LIBRARY = "libc++";
				CLANG_ENABLE_MODULES = YES;
				CLANG_ENABLE_OBJC_ARC = YES;
				CLANG_ENABLE_OBJC_WEAK = YES;
				CLANG_WARN_BLOCK_CAPTURE_AUTORELEASING = YES;
				CLANG_WARN_BOOL_CONVERSION = YES;
				CLANG_WARN_COMMA = YES;
				CLANG_WARN_CONSTANT_CONVERSION = YES;
				CLANG_WARN_DEPRECATED_OBJC_IMPLEMENTATIONS = YES;
				CLANG_WARN_DIRECT_OBJC_ISA_USAGE = YES_ERROR;
				CLANG_WARN_DOCUMENTATION_COMMENTS = YES;
				CLANG_WARN_EMPTY_BODY = YES;
				CLANG_WARN_ENUM_CONVERSION = YES;
				CLANG_WARN_INFINITE_RECURSION = YES;
				CLANG_WARN_INT_CONVERSION = YES;
				CLANG_WARN_NON_LITERAL_NULL_CONVERSION = YES;
				CLANG_WARN_OBJC_IMPLICIT_RETAIN_SELF = YES;
				CLANG_WARN_OBJC_LITERAL_CONVERSION = YES;
				CLANG_WARN_OBJC_ROOT_CLASS = YES_ERROR;
				CLANG_WARN_RANGE_LOOP_ANALYSIS = YES;
				CLANG_WARN_STRICT_PROTOTYPES = YES;
				CLANG_WARN_SUSPICIOUS_MOVE = YES;
				CLANG_WARN_UNGUARDED_AVAILABILITY = YES_AGGRESSIVE;
				CLANG_WARN_UNREACHABLE_CODE = YES;
				CLANG_WARN__DUPLICATE_METHOD_MATCH = YES;
				CODE_SIGN_IDENTITY = "iPhone Developer";
				COPY_PHASE_STRIP = NO;
				DEBUG_INFORMATION_FORMAT = dwarf;
				ENABLE_STRICT_OBJC_MSGSEND = YES;
				ENABLE_TESTABILITY = YES;
				GCC_C_LANGUAGE_STANDARD = gnu11;
				GCC_DYNAMIC_NO_PIC = NO;
				GCC_NO_COMMON_BLOCKS = YES;
				GCC_OPTIMIZATION_LEVEL = 0;
				GCC_PREPROCESSOR_DEFINITIONS = (
					"DEBUG=1",
					"$(inherited)",
				);
				GCC_WARN_64_TO_32_BIT_CONVERSION = YES;
				GCC_WARN_ABOUT_RETURN_TYPE = YES_ERROR;
				GCC_WARN_UNDECLARED_SELECTOR = YES;
				GCC_WARN_UNINITIALIZED_AUTOS = YES_AGGRESSIVE;
				GCC_WARN_UNUSED_FUNCTION = YES;
				GCC_WARN_UNUSED_VARIABLE = YES;
				IPHONEOS_DEPLOYMENT_TARGET = 11.3;
				MTL_ENABLE_DEBUG_INFO = YES;
				ONLY_ACTIVE_ARCH = YES;
				SDKROOT = iphoneos;
			};
			name = Debug;
		};
		4DC5D9432092D64800AA367D /* Release */ = {
			isa = XCBuildConfiguration;
			buildSettings = {
				ALWAYS_SEARCH_USER_PATHS = NO;
				CLANG_ANALYZER_NONNULL = YES;
				CLANG_ANALYZER_NUMBER_OBJECT_CONVERSION = YES_AGGRESSIVE;
				CLANG_CXX_LANGUAGE_STANDARD = "gnu++14";
				CLANG_CXX_LIBRARY = "libc++";
				CLANG_ENABLE_MODULES = YES;
				CLANG_ENABLE_OBJC_ARC = YES;
				CLANG_ENABLE_OBJC_WEAK = YES;
				CLANG_WARN_BLOCK_CAPTURE_AUTORELEASING = YES;
				CLANG_WARN_BOOL_CONVERSION = YES;
				CLANG_WARN_COMMA = YES;
				CLANG_WARN_CONSTANT_CONVERSION = YES;
				CLANG_WARN_DEPRECATED_OBJC_IMPLEMENTATIONS = YES;
				CLANG_WARN_DIRECT_OBJC_ISA_USAGE = YES_ERROR;
				CLANG_WARN_DOCUMENTATION_COMMENTS = YES;
				CLANG_WARN_EMPTY_BODY = YES;
				CLANG_WARN_ENUM_CONVERSION = YES;
				CLANG_WARN_INFINITE_RECURSION = YES;
				CLANG_WARN_INT_CONVERSION = YES;
				CLANG_WARN_NON_LITERAL_NULL_CONVERSION = YES;
				CLANG_WARN_OBJC_IMPLICIT_RETAIN_SELF = YES;
				CLANG_WARN_OBJC_LITERAL_CONVERSION = YES;
				CLANG_WARN_OBJC_ROOT_CLASS = YES_ERROR;
				CLANG_WARN_RANGE_LOOP_ANALYSIS = YES;
				CLANG_WARN_STRICT_PROTOTYPES = YES;
				CLANG_WARN_SUSPICIOUS_MOVE = YES;
				CLANG_WARN_UNGUARDED_AVAILABILITY = YES_AGGRESSIVE;
				CLANG_WARN_UNREACHABLE_CODE = YES;
				CLANG_WARN__DUPLICATE_METHOD_MATCH = YES;
				CODE_SIGN_IDENTITY = "iPhone Developer";
				COPY_PHASE_STRIP = NO;
				DEBUG_INFORMATION_FORMAT = "dwarf-with-dsym";
				ENABLE_NS_ASSERTIONS = NO;
				ENABLE_STRICT_OBJC_MSGSEND = YES;
				GCC_C_LANGUAGE_STANDARD = gnu11;
				GCC_NO_COMMON_BLOCKS = YES;
				GCC_WARN_64_TO_32_BIT_CONVERSION = YES;
				GCC_WARN_ABOUT_RETURN_TYPE = YES_ERROR;
				GCC_WARN_UNDECLARED_SELECTOR = YES;
				GCC_WARN_UNINITIALIZED_AUTOS = YES_AGGRESSIVE;
				GCC_WARN_UNUSED_FUNCTION = YES;
				GCC_WARN_UNUSED_VARIABLE = YES;
				IPHONEOS_DEPLOYMENT_TARGET = 11.3;
				MTL_ENABLE_DEBUG_INFO = NO;
				SDKROOT = iphoneos;
				VALIDATE_PRODUCT = YES;
			};
			name = Release;
		};
		4DC5D9452092D64800AA367D /* Debug */ = {
			isa = XCBuildConfiguration;
			buildSettings = {
				ASSETCATALOG_COMPILER_APPICON_NAME = AppIcon;
				CODE_SIGN_STYLE = Automatic;
				INFOPLIST_FILE = "NSOperation-NSOperationQueue/Info.plist";
				LD_RUNPATH_SEARCH_PATHS = (
					"$(inherited)",
					"@executable_path/Frameworks",
				);
				PRODUCT_BUNDLE_IDENTIFIER = "www.Operation.com.NSOperation-NSOperationQueue";
				PRODUCT_NAME = "$(TARGET_NAME)";
				TARGETED_DEVICE_FAMILY = "1,2";
			};
			name = Debug;
		};
		4DC5D9462092D64800AA367D /* Release */ = {
			isa = XCBuildConfiguration;
			buildSettings = {
				ASSETCATALOG_COMPILER_APPICON_NAME = AppIcon;
				CODE_SIGN_STYLE = Automatic;
				INFOPLIST_FILE = "NSOperation-NSOperationQueue/Info.plist";
				LD_RUNPATH_SEARCH_PATHS = (
					"$(inherited)",
					"@executable_path/Frameworks",
				);
				PRODUCT_BUNDLE_IDENTIFIER = "www.Operation.com.NSOperation-NSOperationQueue";
				PRODUCT_NAME = "$(TARGET_NAME)";
				TARGETED_DEVICE_FAMILY = "1,2";
			};
			name = Release;
		};
		4DC5D9482092D64800AA367D /* Debug */ = {
			isa = XCBuildConfiguration;
			buildSettings = {
				BUNDLE_LOADER = "$(TEST_HOST)";
				CODE_SIGN_STYLE = Automatic;
				INFOPLIST_FILE = "NSOperation-NSOperationQueueTests/Info.plist";
				LD_RUNPATH_SEARCH_PATHS = (
					"$(inherited)",
					"@executable_path/Frameworks",
					"@loader_path/Frameworks",
				);
				PRODUCT_BUNDLE_IDENTIFIER = "www.Operation.com.NSOperation-NSOperationQueueTests";
				PRODUCT_NAME = "$(TARGET_NAME)";
				TARGETED_DEVICE_FAMILY = "1,2";
				TEST_HOST = "$(BUILT_PRODUCTS_DIR)/NSOperation-NSOperationQueue.app/NSOperation-NSOperationQueue";
			};
			name = Debug;
		};
		4DC5D9492092D64800AA367D /* Release */ = {
			isa = XCBuildConfiguration;
			buildSettings = {
				BUNDLE_LOADER = "$(TEST_HOST)";
				CODE_SIGN_STYLE = Automatic;
				INFOPLIST_FILE = "NSOperation-NSOperationQueueTests/Info.plist";
				LD_RUNPATH_SEARCH_PATHS = (
					"$(inherited)",
					"@executable_path/Frameworks",
					"@loader_path/Frameworks",
				);
				PRODUCT_BUNDLE_IDENTIFIER = "www.Operation.com.NSOperation-NSOperationQueueTests";
				PRODUCT_NAME = "$(TARGET_NAME)";
				TARGETED_DEVICE_FAMILY = "1,2";
				TEST_HOST = "$(BUILT_PRODUCTS_DIR)/NSOperation-NSOperationQueue.app/NSOperation-NSOperationQueue";
			};
			name = Release;
		};
		4DC5D94B2092D64800AA367D /* Debug */ = {
			isa = XCBuildConfiguration;
			buildSettings = {
				CODE_SIGN_STYLE = Automatic;
				INFOPLIST_FILE = "NSOperation-NSOperationQueueUITests/Info.plist";
				LD_RUNPATH_SEARCH_PATHS = (
					"$(inherited)",
					"@executable_path/Frameworks",
					"@loader_path/Frameworks",
				);
				PRODUCT_BUNDLE_IDENTIFIER = "www.Operation.com.NSOperation-NSOperationQueueUITests";
				PRODUCT_NAME = "$(TARGET_NAME)";
				TARGETED_DEVICE_FAMILY = "1,2";
				TEST_TARGET_NAME = "NSOperation-NSOperationQueue";
			};
			name = Debug;
		};
		4DC5D94C2092D64800AA367D /* Release */ = {
			isa = XCBuildConfiguration;
			buildSettings = {
				CODE_SIGN_STYLE = Automatic;
				INFOPLIST_FILE = "NSOperation-NSOperationQueueUITests/Info.plist";
				LD_RUNPATH_SEARCH_PATHS = (
					"$(inherited)",
					"@executable_path/Frameworks",
					"@loader_path/Frameworks",
				);
				PRODUCT_BUNDLE_IDENTIFIER = "www.Operation.com.NSOperation-NSOperationQueueUITests";
				PRODUCT_NAME = "$(TARGET_NAME)";
				TARGETED_DEVICE_FAMILY = "1,2";
				TEST_TARGET_NAME = "NSOperation-NSOperationQueue";
			};
			name = Release;
		};
/* End XCBuildConfiguration section */

/* Begin XCConfigurationList section */
		4DC5D9132092D64600AA367D /* Build configuration list for PBXProject "NSOperation-NSOperationQueue" */ = {
			isa = XCConfigurationList;
			buildConfigurations = (
				4DC5D9422092D64800AA367D /* Debug */,
				4DC5D9432092D64800AA367D /* Release */,
			);
			defaultConfigurationIsVisible = 0;
			defaultConfigurationName = Release;
		};
		4DC5D9442092D64800AA367D /* Build configuration list for PBXNativeTarget "NSOperation-NSOperationQueue" */ = {
			isa = XCConfigurationList;
			buildConfigurations = (
				4DC5D9452092D64800AA367D /* Debug */,
				4DC5D9462092D64800AA367D /* Release */,
			);
			defaultConfigurationIsVisible = 0;
			defaultConfigurationName = Release;
		};
		4DC5D9472092D64800AA367D /* Build configuration list for PBXNativeTarget "NSOperation-NSOperationQueueTests" */ = {
			isa = XCConfigurationList;
			buildConfigurations = (
				4DC5D9482092D64800AA367D /* Debug */,
				4DC5D9492092D64800AA367D /* Release */,
			);
			defaultConfigurationIsVisible = 0;
			defaultConfigurationName = Release;
		};
		4DC5D94A2092D64800AA367D /* Build configuration list for PBXNativeTarget "NSOperation-NSOperationQueueUITests" */ = {
			isa = XCConfigurationList;
			buildConfigurations = (
				4DC5D94B2092D64800AA367D /* Debug */,
				4DC5D94C2092D64800AA367D /* Release */,
			);
			defaultConfigurationIsVisible = 0;
			defaultConfigurationName = Release;
		};
/* End XCConfigurationList section */
	};
	rootObject = 4DC5D9102092D64600AA367D /* Project object */;
}
